// !$*UTF8*$!
{
	archiveVersion = 1;
	classes = {
	};
	objectVersion = 46;
	objects = {

/* Begin PBXBuildFile section */
		5777D1661B725113001C5FB1 /* tagalong.xcdatamodeld in Sources */ = {isa = PBXBuildFile; fileRef = 5777D1641B725113001C5FB1 /* tagalong.xcdatamodeld */; };
		5777D16B1B725113001C5FB1 /* Main.storyboard in Resources */ = {isa = PBXBuildFile; fileRef = 5777D1691B725113001C5FB1 /* Main.storyboard */; };
		5777D16D1B725113001C5FB1 /* Images.xcassets in Resources */ = {isa = PBXBuildFile; fileRef = 5777D16C1B725113001C5FB1 /* Images.xcassets */; };
		5777D1701B725113001C5FB1 /* LaunchScreen.xib in Resources */ = {isa = PBXBuildFile; fileRef = 5777D16E1B725113001C5FB1 /* LaunchScreen.xib */; };
		5777D17C1B725113001C5FB1 /* tagalongTests.swift in Sources */ = {isa = PBXBuildFile; fileRef = 5777D17B1B725113001C5FB1 /* tagalongTests.swift */; };
		5777D1881B72521E001C5FB1 /* AppDelegate.swift in Sources */ = {isa = PBXBuildFile; fileRef = 5777D1871B72521E001C5FB1 /* AppDelegate.swift */; };
		5777D18A1B725229001C5FB1 /* Download.swift in Sources */ = {isa = PBXBuildFile; fileRef = 5777D1891B725229001C5FB1 /* Download.swift */; };
		5777D1951B725236001C5FB1 /* LoginSignUpController.swift in Sources */ = {isa = PBXBuildFile; fileRef = 5777D18B1B725236001C5FB1 /* LoginSignUpController.swift */; };
		5777D1961B725236001C5FB1 /* LoginViewController.swift in Sources */ = {isa = PBXBuildFile; fileRef = 5777D18C1B725236001C5FB1 /* LoginViewController.swift */; };
		5777D1971B725236001C5FB1 /* Manager.swift in Sources */ = {isa = PBXBuildFile; fileRef = 5777D18D1B725236001C5FB1 /* Manager.swift */; };
		5777D1981B725236001C5FB1 /* MultipartFormData.swift in Sources */ = {isa = PBXBuildFile; fileRef = 5777D18E1B725236001C5FB1 /* MultipartFormData.swift */; };
		5777D1991B725236001C5FB1 /* ParameterEncoding.swift in Sources */ = {isa = PBXBuildFile; fileRef = 5777D18F1B725236001C5FB1 /* ParameterEncoding.swift */; };
		5777D19A1B725236001C5FB1 /* Request.swift in Sources */ = {isa = PBXBuildFile; fileRef = 5777D1901B725236001C5FB1 /* Request.swift */; };
		5777D19B1B725236001C5FB1 /* ResponseSerialization.swift in Sources */ = {isa = PBXBuildFile; fileRef = 5777D1911B725236001C5FB1 /* ResponseSerialization.swift */; };
		5777D19C1B725236001C5FB1 /* ServerTrustPolicy.swift in Sources */ = {isa = PBXBuildFile; fileRef = 5777D1921B725236001C5FB1 /* ServerTrustPolicy.swift */; };
		5777D19D1B725236001C5FB1 /* SignupViewController.swift in Sources */ = {isa = PBXBuildFile; fileRef = 5777D1931B725236001C5FB1 /* SignupViewController.swift */; };
		5777D19E1B725236001C5FB1 /* SwiftyJSON.swift in Sources */ = {isa = PBXBuildFile; fileRef = 5777D1941B725236001C5FB1 /* SwiftyJSON.swift */; };
		5777D1A21B725244001C5FB1 /* Upload.swift in Sources */ = {isa = PBXBuildFile; fileRef = 5777D19F1B725244001C5FB1 /* Upload.swift */; };
		5777D1A31B725244001C5FB1 /* Validation.swift in Sources */ = {isa = PBXBuildFile; fileRef = 5777D1A01B725244001C5FB1 /* Validation.swift */; };
		5777D1A41B725244001C5FB1 /* ViewController.swift in Sources */ = {isa = PBXBuildFile; fileRef = 5777D1A11B725244001C5FB1 /* ViewController.swift */; };
		5777D1A81B725357001C5FB1 /* Account.swift in Sources */ = {isa = PBXBuildFile; fileRef = 5777D1A51B725357001C5FB1 /* Account.swift */; };
		5777D1A91B725357001C5FB1 /* Alamofire.swift in Sources */ = {isa = PBXBuildFile; fileRef = 5777D1A71B725357001C5FB1 /* Alamofire.swift */; };
		5777D1AB1B7256BA001C5FB1 /* logo.png in Resources */ = {isa = PBXBuildFile; fileRef = 5777D1AA1B7256BA001C5FB1 /* logo.png */; };
/* End PBXBuildFile section */

/* Begin PBXContainerItemProxy section */
		5777D1761B725113001C5FB1 /* PBXContainerItemProxy */ = {
			isa = PBXContainerItemProxy;
			containerPortal = 5777D1551B725113001C5FB1 /* Project object */;
			proxyType = 1;
			remoteGlobalIDString = 5777D15C1B725113001C5FB1;
			remoteInfo = tagalong;
		};
/* End PBXContainerItemProxy section */

/* Begin PBXFileReference section */
		5777D15D1B725113001C5FB1 /* tagalong.app */ = {isa = PBXFileReference; explicitFileType = wrapper.application; includeInIndex = 0; path = tagalong.app; sourceTree = BUILT_PRODUCTS_DIR; };
		5777D1611B725113001C5FB1 /* Info.plist */ = {isa = PBXFileReference; lastKnownFileType = text.plist.xml; path = Info.plist; sourceTree = "<group>"; };
		5777D1651B725113001C5FB1 /* tagalong.xcdatamodel */ = {isa = PBXFileReference; lastKnownFileType = wrapper.xcdatamodel; path = tagalong.xcdatamodel; sourceTree = "<group>"; };
		5777D16A1B725113001C5FB1 /* Base */ = {isa = PBXFileReference; lastKnownFileType = file.storyboard; name = Base; path = Base.lproj/Main.storyboard; sourceTree = "<group>"; };
		5777D16C1B725113001C5FB1 /* Images.xcassets */ = {isa = PBXFileReference; lastKnownFileType = folder.assetcatalog; path = Images.xcassets; sourceTree = "<group>"; };
		5777D16F1B725113001C5FB1 /* Base */ = {isa = PBXFileReference; lastKnownFileType = file.xib; name = Base; path = Base.lproj/LaunchScreen.xib; sourceTree = "<group>"; };
		5777D1751B725113001C5FB1 /* tagalongTests.xctest */ = {isa = PBXFileReference; explicitFileType = wrapper.cfbundle; includeInIndex = 0; path = tagalongTests.xctest; sourceTree = BUILT_PRODUCTS_DIR; };
		5777D17A1B725113001C5FB1 /* Info.plist */ = {isa = PBXFileReference; lastKnownFileType = text.plist.xml; path = Info.plist; sourceTree = "<group>"; };
		5777D17B1B725113001C5FB1 /* tagalongTests.swift */ = {isa = PBXFileReference; lastKnownFileType = sourcecode.swift; path = tagalongTests.swift; sourceTree = "<group>"; };
		5777D1871B72521E001C5FB1 /* AppDelegate.swift */ = {isa = PBXFileReference; fileEncoding = 4; lastKnownFileType = sourcecode.swift; path = AppDelegate.swift; sourceTree = "<group>"; };
		5777D1891B725229001C5FB1 /* Download.swift */ = {isa = PBXFileReference; fileEncoding = 4; lastKnownFileType = sourcecode.swift; path = Download.swift; sourceTree = "<group>"; };
		5777D18B1B725236001C5FB1 /* LoginSignUpController.swift */ = {isa = PBXFileReference; fileEncoding = 4; lastKnownFileType = sourcecode.swift; path = LoginSignUpController.swift; sourceTree = "<group>"; };
		5777D18C1B725236001C5FB1 /* LoginViewController.swift */ = {isa = PBXFileReference; fileEncoding = 4; lastKnownFileType = sourcecode.swift; path = LoginViewController.swift; sourceTree = "<group>"; };
		5777D18D1B725236001C5FB1 /* Manager.swift */ = {isa = PBXFileReference; fileEncoding = 4; lastKnownFileType = sourcecode.swift; path = Manager.swift; sourceTree = "<group>"; };
		5777D18E1B725236001C5FB1 /* MultipartFormData.swift */ = {isa = PBXFileReference; fileEncoding = 4; lastKnownFileType = sourcecode.swift; path = MultipartFormData.swift; sourceTree = "<group>"; };
		5777D18F1B725236001C5FB1 /* ParameterEncoding.swift */ = {isa = PBXFileReference; fileEncoding = 4; lastKnownFileType = sourcecode.swift; path = ParameterEncoding.swift; sourceTree = "<group>"; };
		5777D1901B725236001C5FB1 /* Request.swift */ = {isa = PBXFileReference; fileEncoding = 4; lastKnownFileType = sourcecode.swift; path = Request.swift; sourceTree = "<group>"; };
		5777D1911B725236001C5FB1 /* ResponseSerialization.swift */ = {isa = PBXFileReference; fileEncoding = 4; lastKnownFileType = sourcecode.swift; path = ResponseSerialization.swift; sourceTree = "<group>"; };
		5777D1921B725236001C5FB1 /* ServerTrustPolicy.swift */ = {isa = PBXFileReference; fileEncoding = 4; lastKnownFileType = sourcecode.swift; path = ServerTrustPolicy.swift; sourceTree = "<group>"; };
		5777D1931B725236001C5FB1 /* SignupViewController.swift */ = {isa = PBXFileReference; fileEncoding = 4; lastKnownFileType = sourcecode.swift; path = SignupViewController.swift; sourceTree = "<group>"; };
		5777D1941B725236001C5FB1 /* SwiftyJSON.swift */ = {isa = PBXFileReference; fileEncoding = 4; lastKnownFileType = sourcecode.swift; path = SwiftyJSON.swift; sourceTree = "<group>"; };
		5777D19F1B725244001C5FB1 /* Upload.swift */ = {isa = PBXFileReference; fileEncoding = 4; lastKnownFileType = sourcecode.swift; path = Upload.swift; sourceTree = "<group>"; };
		5777D1A01B725244001C5FB1 /* Validation.swift */ = {isa = PBXFileReference; fileEncoding = 4; lastKnownFileType = sourcecode.swift; path = Validation.swift; sourceTree = "<group>"; };
		5777D1A11B725244001C5FB1 /* ViewController.swift */ = {isa = PBXFileReference; fileEncoding = 4; lastKnownFileType = sourcecode.swift; path = ViewController.swift; sourceTree = "<group>"; };
		5777D1A51B725357001C5FB1 /* Account.swift */ = {isa = PBXFileReference; fileEncoding = 4; lastKnownFileType = sourcecode.swift; path = Account.swift; sourceTree = "<group>"; };
		5777D1A61B725357001C5FB1 /* Alamofire.h */ = {isa = PBXFileReference; fileEncoding = 4; lastKnownFileType = sourcecode.c.h; path = Alamofire.h; sourceTree = "<group>"; };
		5777D1A71B725357001C5FB1 /* Alamofire.swift */ = {isa = PBXFileReference; fileEncoding = 4; lastKnownFileType = sourcecode.swift; path = Alamofire.swift; sourceTree = "<group>"; };
		5777D1AA1B7256BA001C5FB1 /* logo.png */ = {isa = PBXFileReference; lastKnownFileType = image.png; path = logo.png; sourceTree = "<group>"; };
/* End PBXFileReference section */

/* Begin PBXFrameworksBuildPhase section */
		5777D15A1B725113001C5FB1 /* Frameworks */ = {
			isa = PBXFrameworksBuildPhase;
			buildActionMask = 2147483647;
			files = (
			);
			runOnlyForDeploymentPostprocessing = 0;
		};
		5777D1721B725113001C5FB1 /* Frameworks */ = {
			isa = PBXFrameworksBuildPhase;
			buildActionMask = 2147483647;
			files = (
			);
			runOnlyForDeploymentPostprocessing = 0;
		};
/* End PBXFrameworksBuildPhase section */

/* Begin PBXGroup section */
		5777D1541B725113001C5FB1 = {
			isa = PBXGroup;
			children = (
				5777D15F1B725113001C5FB1 /* tagalong */,
				5777D1781B725113001C5FB1 /* tagalongTests */,
				5777D15E1B725113001C5FB1 /* Products */,
			);
			sourceTree = "<group>";
		};
		5777D15E1B725113001C5FB1 /* Products */ = {
			isa = PBXGroup;
			children = (
				5777D15D1B725113001C5FB1 /* tagalong.app */,
				5777D1751B725113001C5FB1 /* tagalongTests.xctest */,
			);
			name = Products;
			sourceTree = "<group>";
		};
		5777D15F1B725113001C5FB1 /* tagalong */ = {
			isa = PBXGroup;
			children = (
				5777D19F1B725244001C5FB1 /* Upload.swift */,
				5777D1A51B725357001C5FB1 /* Account.swift */,
				5777D1A61B725357001C5FB1 /* Alamofire.h */,
				5777D1A71B725357001C5FB1 /* Alamofire.swift */,
				5777D1A01B725244001C5FB1 /* Validation.swift */,
				5777D1A11B725244001C5FB1 /* ViewController.swift */,
				5777D18B1B725236001C5FB1 /* LoginSignUpController.swift */,
				5777D18C1B725236001C5FB1 /* LoginViewController.swift */,
				5777D18D1B725236001C5FB1 /* Manager.swift */,
				5777D18E1B725236001C5FB1 /* MultipartFormData.swift */,
				5777D18F1B725236001C5FB1 /* ParameterEncoding.swift */,
				5777D1901B725236001C5FB1 /* Request.swift */,
				5777D1911B725236001C5FB1 /* ResponseSerialization.swift */,
				5777D1921B725236001C5FB1 /* ServerTrustPolicy.swift */,
				5777D1931B725236001C5FB1 /* SignupViewController.swift */,
				5777D1941B725236001C5FB1 /* SwiftyJSON.swift */,
				5777D1891B725229001C5FB1 /* Download.swift */,
				5777D1871B72521E001C5FB1 /* AppDelegate.swift */,
				5777D1691B725113001C5FB1 /* Main.storyboard */,
				5777D16C1B725113001C5FB1 /* Images.xcassets */,
				5777D1AA1B7256BA001C5FB1 /* logo.png */,
				5777D16E1B725113001C5FB1 /* LaunchScreen.xib */,
				5777D1641B725113001C5FB1 /* tagalong.xcdatamodeld */,
				5777D1601B725113001C5FB1 /* Supporting Files */,
			);
			path = tagalong;
			sourceTree = "<group>";
		};
		5777D1601B725113001C5FB1 /* Supporting Files */ = {
			isa = PBXGroup;
			children = (
				5777D1611B725113001C5FB1 /* Info.plist */,
			);
			name = "Supporting Files";
			sourceTree = "<group>";
		};
		5777D1781B725113001C5FB1 /* tagalongTests */ = {
			isa = PBXGroup;
			children = (
				5777D17B1B725113001C5FB1 /* tagalongTests.swift */,
				5777D1791B725113001C5FB1 /* Supporting Files */,
			);
			path = tagalongTests;
			sourceTree = "<group>";
		};
		5777D1791B725113001C5FB1 /* Supporting Files */ = {
			isa = PBXGroup;
			children = (
				5777D17A1B725113001C5FB1 /* Info.plist */,
			);
			name = "Supporting Files";
			sourceTree = "<group>";
		};
/* End PBXGroup section */

/* Begin PBXNativeTarget section */
		5777D15C1B725113001C5FB1 /* tagalong */ = {
			isa = PBXNativeTarget;
			buildConfigurationList = 5777D17F1B725113001C5FB1 /* Build configuration list for PBXNativeTarget "tagalong" */;
			buildPhases = (
				5777D1591B725113001C5FB1 /* Sources */,
				5777D15A1B725113001C5FB1 /* Frameworks */,
				5777D15B1B725113001C5FB1 /* Resources */,
			);
			buildRules = (
			);
			dependencies = (
			);
			name = tagalong;
			productName = tagalong;
			productReference = 5777D15D1B725113001C5FB1 /* tagalong.app */;
			productType = "com.apple.product-type.application";
		};
		5777D1741B725113001C5FB1 /* tagalongTests */ = {
			isa = PBXNativeTarget;
			buildConfigurationList = 5777D1821B725113001C5FB1 /* Build configuration list for PBXNativeTarget "tagalongTests" */;
			buildPhases = (
				5777D1711B725113001C5FB1 /* Sources */,
				5777D1721B725113001C5FB1 /* Frameworks */,
				5777D1731B725113001C5FB1 /* Resources */,
			);
			buildRules = (
			);
			dependencies = (
				5777D1771B725113001C5FB1 /* PBXTargetDependency */,
			);
			name = tagalongTests;
			productName = tagalongTests;
			productReference = 5777D1751B725113001C5FB1 /* tagalongTests.xctest */;
			productType = "com.apple.product-type.bundle.unit-test";
		};
/* End PBXNativeTarget section */

/* Begin PBXProject section */
		5777D1551B725113001C5FB1 /* Project object */ = {
			isa = PBXProject;
			attributes = {
				LastUpgradeCheck = 0640;
				ORGANIZATIONNAME = "Camron Godbout";
				TargetAttributes = {
					5777D15C1B725113001C5FB1 = {
						CreatedOnToolsVersion = 6.4;
					};
					5777D1741B725113001C5FB1 = {
						CreatedOnToolsVersion = 6.4;
						TestTargetID = 5777D15C1B725113001C5FB1;
					};
				};
			};
			buildConfigurationList = 5777D1581B725113001C5FB1 /* Build configuration list for PBXProject "tagalong" */;
			compatibilityVersion = "Xcode 3.2";
			developmentRegion = English;
			hasScannedForEncodings = 0;
			knownRegions = (
				en,
				Base,
			);
			mainGroup = 5777D1541B725113001C5FB1;
			productRefGroup = 5777D15E1B725113001C5FB1 /* Products */;
			projectDirPath = "";
			projectRoot = "";
			targets = (
				5777D15C1B725113001C5FB1 /* tagalong */,
				5777D1741B725113001C5FB1 /* tagalongTests */,
			);
		};
/* End PBXProject section */

/* Begin PBXResourcesBuildPhase section */
		5777D15B1B725113001C5FB1 /* Resources */ = {
			isa = PBXResourcesBuildPhase;
			buildActionMask = 2147483647;
			files = (
				5777D1AB1B7256BA001C5FB1 /* logo.png in Resources */,
				5777D16B1B725113001C5FB1 /* Main.storyboard in Resources */,
				5777D1701B725113001C5FB1 /* LaunchScreen.xib in Resources */,
				5777D16D1B725113001C5FB1 /* Images.xcassets in Resources */,
			);
			runOnlyForDeploymentPostprocessing = 0;
		};
		5777D1731B725113001C5FB1 /* Resources */ = {
			isa = PBXResourcesBuildPhase;
			buildActionMask = 2147483647;
			files = (
			);
			runOnlyForDeploymentPostprocessing = 0;
		};
/* End PBXResourcesBuildPhase section */

/* Begin PBXSourcesBuildPhase section */
		5777D1591B725113001C5FB1 /* Sources */ = {
			isa = PBXSourcesBuildPhase;
			buildActionMask = 2147483647;
			files = (
				5777D1A21B725244001C5FB1 /* Upload.swift in Sources */,
				5777D18A1B725229001C5FB1 /* Download.swift in Sources */,
				5777D1971B725236001C5FB1 /* Manager.swift in Sources */,
				5777D1991B725236001C5FB1 /* ParameterEncoding.swift in Sources */,
				5777D19B1B725236001C5FB1 /* ResponseSerialization.swift in Sources */,
				5777D1981B725236001C5FB1 /* MultipartFormData.swift in Sources */,
				5777D1A91B725357001C5FB1 /* Alamofire.swift in Sources */,
				5777D1951B725236001C5FB1 /* LoginSignUpController.swift in Sources */,
				5777D19D1B725236001C5FB1 /* SignupViewController.swift in Sources */,
				5777D19C1B725236001C5FB1 /* ServerTrustPolicy.swift in Sources */,
				5777D1881B72521E001C5FB1 /* AppDelegate.swift in Sources */,
				5777D1961B725236001C5FB1 /* LoginViewController.swift in Sources */,
				5777D1A81B725357001C5FB1 /* Account.swift in Sources */,
				5777D19A1B725236001C5FB1 /* Request.swift in Sources */,
				5777D19E1B725236001C5FB1 /* SwiftyJSON.swift in Sources */,
				5777D1A31B725244001C5FB1 /* Validation.swift in Sources */,
				5777D1A41B725244001C5FB1 /* ViewController.swift in Sources */,
				5777D1661B725113001C5FB1 /* tagalong.xcdatamodeld in Sources */,
			);
			runOnlyForDeploymentPostprocessing = 0;
		};
		5777D1711B725113001C5FB1 /* Sources */ = {
			isa = PBXSourcesBuildPhase;
			buildActionMask = 2147483647;
			files = (
				5777D17C1B725113001C5FB1 /* tagalongTests.swift in Sources */,
			);
			runOnlyForDeploymentPostprocessing = 0;
		};
/* End PBXSourcesBuildPhase section */

/* Begin PBXTargetDependency section */
		5777D1771B725113001C5FB1 /* PBXTargetDependency */ = {
			isa = PBXTargetDependency;
			target = 5777D15C1B725113001C5FB1 /* tagalong */;
			targetProxy = 5777D1761B725113001C5FB1 /* PBXContainerItemProxy */;
		};
/* End PBXTargetDependency section */

/* Begin PBXVariantGroup section */
		5777D1691B725113001C5FB1 /* Main.storyboard */ = {
			isa = PBXVariantGroup;
			children = (
				5777D16A1B725113001C5FB1 /* Base */,
			);
			name = Main.storyboard;
			sourceTree = "<group>";
		};
		5777D16E1B725113001C5FB1 /* LaunchScreen.xib */ = {
			isa = PBXVariantGroup;
			children = (
				5777D16F1B725113001C5FB1 /* Base */,
			);
			name = LaunchScreen.xib;
			sourceTree = "<group>";
		};
/* End PBXVariantGroup section */

/* Begin XCBuildConfiguration section */
		5777D17D1B725113001C5FB1 /* Debug */ = {
			isa = XCBuildConfiguration;
			buildSettings = {
				ALWAYS_SEARCH_USER_PATHS = NO;
				CLANG_CXX_LANGUAGE_STANDARD = "gnu++0x";
				CLANG_CXX_LIBRARY = "libc++";
				CLANG_ENABLE_MODULES = YES;
				CLANG_ENABLE_OBJC_ARC = YES;
				CLANG_WARN_BOOL_CONVERSION = YES;
				CLANG_WARN_CONSTANT_CONVERSION = YES;
				CLANG_WARN_DIRECT_OBJC_ISA_USAGE = YES_ERROR;
				CLANG_WARN_EMPTY_BODY = YES;
				CLANG_WARN_ENUM_CONVERSION = YES;
				CLANG_WARN_INT_CONVERSION = YES;
				CLANG_WARN_OBJC_ROOT_CLASS = YES_ERROR;
				CLANG_WARN_UNREACHABLE_CODE = YES;
				CLANG_WARN__DUPLICATE_METHOD_MATCH = YES;
				"CODE_SIGN_IDENTITY[sdk=iphoneos*]" = "iPhone Developer";
				COPY_PHASE_STRIP = NO;
				DEBUG_INFORMATION_FORMAT = "dwarf-with-dsym";
				ENABLE_STRICT_OBJC_MSGSEND = YES;
				GCC_C_LANGUAGE_STANDARD = gnu99;
				GCC_DYNAMIC_NO_PIC = NO;
				GCC_NO_COMMON_BLOCKS = YES;
				GCC_OPTIMIZATION_LEVEL = 0;
				GCC_PREPROCESSOR_DEFINITIONS = (
					"DEBUG=1",
					"$(inherited)",
				);
				GCC_SYMBOLS_PRIVATE_EXTERN = NO;
				GCC_WARN_64_TO_32_BIT_CONVERSION = YES;
				GCC_WARN_ABOUT_RETURN_TYPE = YES_ERROR;
				GCC_WARN_UNDECLARED_SELECTOR = YES;
				GCC_WARN_UNINITIALIZED_AUTOS = YES_AGGRESSIVE;
				GCC_WARN_UNUSED_FUNCTION = YES;
				GCC_WARN_UNUSED_VARIABLE = YES;
				IPHONEOS_DEPLOYMENT_TARGET = 8.4;
				MTL_ENABLE_DEBUG_INFO = YES;
				ONLY_ACTIVE_ARCH = YES;
				SDKROOT = iphoneos;
				SWIFT_OPTIMIZATION_LEVEL = "-Onone";
				TARGETED_DEVICE_FAMILY = "1,2";
			};
			name = Debug;
		};
		5777D17E1B725113001C5FB1 /* Release */ = {
			isa = XCBuildConfiguration;
			buildSettings = {
				ALWAYS_SEARCH_USER_PATHS = NO;
				CLANG_CXX_LANGUAGE_STANDARD = "gnu++0x";
				CLANG_CXX_LIBRARY = "libc++";
				CLANG_ENABLE_MODULES = YES;
				CLANG_ENABLE_OBJC_ARC = YES;
				CLANG_WARN_BOOL_CONVERSION = YES;
				CLANG_WARN_CONSTANT_CONVERSION = YES;
				CLANG_WARN_DIRECT_OBJC_ISA_USAGE = YES_ERROR;
				CLANG_WARN_EMPTY_BODY = YES;
				CLANG_WARN_ENUM_CONVERSION = YES;
				CLANG_WARN_INT_CONVERSION = YES;
				CLANG_WARN_OBJC_ROOT_CLASS = YES_ERROR;
				CLANG_WARN_UNREACHABLE_CODE = YES;
				CLANG_WARN__DUPLICATE_METHOD_MATCH = YES;
				"CODE_SIGN_IDENTITY[sdk=iphoneos*]" = "iPhone Developer";
				COPY_PHASE_STRIP = NO;
				DEBUG_INFORMATION_FORMAT = "dwarf-with-dsym";
				ENABLE_NS_ASSERTIONS = NO;
				ENABLE_STRICT_OBJC_MSGSEND = YES;
				GCC_C_LANGUAGE_STANDARD = gnu99;
				GCC_NO_COMMON_BLOCKS = YES;
				GCC_WARN_64_TO_32_BIT_CONVERSION = YES;
				GCC_WARN_ABOUT_RETURN_TYPE = YES_ERROR;
				GCC_WARN_UNDECLARED_SELECTOR = YES;
				GCC_WARN_UNINITIALIZED_AUTOS = YES_AGGRESSIVE;
				GCC_WARN_UNUSED_FUNCTION = YES;
				GCC_WARN_UNUSED_VARIABLE = YES;
				IPHONEOS_DEPLOYMENT_TARGET = 8.4;
				MTL_ENABLE_DEBUG_INFO = NO;
				SDKROOT = iphoneos;
				TARGETED_DEVICE_FAMILY = "1,2";
				VALIDATE_PRODUCT = YES;
			};
			name = Release;
		};
		5777D1801B725113001C5FB1 /* Debug */ = {
			isa = XCBuildConfiguration;
			buildSettings = {
				ASSETCATALOG_COMPILER_APPICON_NAME = AppIcon;
				INFOPLIST_FILE = tagalong/Info.plist;
				LD_RUNPATH_SEARCH_PATHS = "$(inherited) @executable_path/Frameworks";
				PRODUCT_NAME = "$(TARGET_NAME)";
			};
			name = Debug;
		};
		5777D1811B725113001C5FB1 /* Release */ = {
			isa = XCBuildConfiguration;
			buildSettings = {
				ASSETCATALOG_COMPILER_APPICON_NAME = AppIcon;
				INFOPLIST_FILE = tagalong/Info.plist;
				LD_RUNPATH_SEARCH_PATHS = "$(inherited) @executable_path/Frameworks";
				PRODUCT_NAME = "$(TARGET_NAME)";
			};
			name = Release;
		};
		5777D1831B725113001C5FB1 /* Debug */ = {
			isa = XCBuildConfiguration;
			buildSettings = {
				BUNDLE_LOADER = "$(TEST_HOST)";
				FRAMEWORK_SEARCH_PATHS = (
					"$(SDKROOT)/Developer/Library/Frameworks",
					"$(inherited)",
				);
				GCC_PREPROCESSOR_DEFINITIONS = (
					"DEBUG=1",
					"$(inherited)",
				);
				INFOPLIST_FILE = tagalongTests/Info.plist;
				LD_RUNPATH_SEARCH_PATHS = "$(inherited) @executable_path/Frameworks @loader_path/Frameworks";
				PRODUCT_NAME = "$(TARGET_NAME)";
				TEST_HOST = "$(BUILT_PRODUCTS_DIR)/tagalong.app/tagalong";
			};
			name = Debug;
		};
		5777D1841B725113001C5FB1 /* Release */ = {
			isa = XCBuildConfiguration;
			buildSettings = {
				BUNDLE_LOADER = "$(TEST_HOST)";
				FRAMEWORK_SEARCH_PATHS = (
					"$(SDKROOT)/Developer/Library/Frameworks",
					"$(inherited)",
				);
				INFOPLIST_FILE = tagalongTests/Info.plist;
				LD_RUNPATH_SEARCH_PATHS = "$(inherited) @executable_path/Frameworks @loader_path/Frameworks";
				PRODUCT_NAME = "$(TARGET_NAME)";
				TEST_HOST = "$(BUILT_PRODUCTS_DIR)/tagalong.app/tagalong";
			};
			name = Release;
		};
/* End XCBuildConfiguration section */

/* Begin XCConfigurationList section */
		5777D1581B725113001C5FB1 /* Build configuration list for PBXProject "tagalong" */ = {
			isa = XCConfigurationList;
			buildConfigurations = (
				5777D17D1B725113001C5FB1 /* Debug */,
				5777D17E1B725113001C5FB1 /* Release */,
			);
			defaultConfigurationIsVisible = 0;
			defaultConfigurationName = Release;
		};
		5777D17F1B725113001C5FB1 /* Build configuration list for PBXNativeTarget "tagalong" */ = {
			isa = XCConfigurationList;
			buildConfigurations = (
				5777D1801B725113001C5FB1 /* Debug */,
				5777D1811B725113001C5FB1 /* Release */,
			);
			defaultConfigurationIsVisible = 0;
		};
		5777D1821B725113001C5FB1 /* Build configuration list for PBXNativeTarget "tagalongTests" */ = {
			isa = XCConfigurationList;
			buildConfigurations = (
				5777D1831B725113001C5FB1 /* Debug */,
				5777D1841B725113001C5FB1 /* Release */,
			);
			defaultConfigurationIsVisible = 0;
		};
/* End XCConfigurationList section */

/* Begin XCVersionGroup section */
		5777D1641B725113001C5FB1 /* tagalong.xcdatamodeld */ = {
			isa = XCVersionGroup;
			children = (
				5777D1651B725113001C5FB1 /* tagalong.xcdatamodel */,
			);
			currentVersion = 5777D1651B725113001C5FB1 /* tagalong.xcdatamodel */;
			path = tagalong.xcdatamodeld;
			sourceTree = "<group>";
			versionGroupType = wrapper.xcdatamodel;
		};
/* End XCVersionGroup section */
	};
	rootObject = 5777D1551B725113001C5FB1 /* Project object */;
}
